// !$*UTF8*$!
{
	archiveVersion = 1;
	classes = {
	};
	objectVersion = 55;
	objects = {

/* Begin PBXBuildFile section */
		49FF0E8E28E4AB26008EE138 /* IunnoApp.swift in Sources */ = {isa = PBXBuildFile; fileRef = 49FF0E8D28E4AB26008EE138 /* IunnoApp.swift */; };
		49FF0E9028E4AB26008EE138 /* ContentView.swift in Sources */ = {isa = PBXBuildFile; fileRef = 49FF0E8F28E4AB26008EE138 /* ContentView.swift */; };
		49FF0E9228E4AB2E008EE138 /* Assets.xcassets in Resources */ = {isa = PBXBuildFile; fileRef = 49FF0E9128E4AB2E008EE138 /* Assets.xcassets */; };
		49FF0E9528E4AB2E008EE138 /* Preview Assets.xcassets in Resources */ = {isa = PBXBuildFile; fileRef = 49FF0E9428E4AB2E008EE138 /* Preview Assets.xcassets */; };
		49FF0EA028E4AB2E008EE138 /* IunnoTests.swift in Sources */ = {isa = PBXBuildFile; fileRef = 49FF0E9F28E4AB2E008EE138 /* IunnoTests.swift */; };
		49FF0EAA28E4AB2E008EE138 /* IunnoUITests.swift in Sources */ = {isa = PBXBuildFile; fileRef = 49FF0EA928E4AB2E008EE138 /* IunnoUITests.swift */; };
		49FF0EAC28E4AB2E008EE138 /* IunnoUITestsLaunchTests.swift in Sources */ = {isa = PBXBuildFile; fileRef = 49FF0EAB28E4AB2E008EE138 /* IunnoUITestsLaunchTests.swift */; };
/* End PBXBuildFile section */

/* Begin PBXContainerItemProxy section */
		49FF0E9C28E4AB2E008EE138 /* PBXContainerItemProxy */ = {
			isa = PBXContainerItemProxy;
			containerPortal = 49FF0E8228E4AB26008EE138 /* Project object */;
			proxyType = 1;
			remoteGlobalIDString = 49FF0E8928E4AB26008EE138;
			remoteInfo = Iunno;
		};
		49FF0EA628E4AB2E008EE138 /* PBXContainerItemProxy */ = {
			isa = PBXContainerItemProxy;
			containerPortal = 49FF0E8228E4AB26008EE138 /* Project object */;
			proxyType = 1;
			remoteGlobalIDString = 49FF0E8928E4AB26008EE138;
			remoteInfo = Iunno;
		};
/* End PBXContainerItemProxy section */

/* Begin PBXFileReference section */
		49FF0E8A28E4AB26008EE138 /* Iunno.app */ = {isa = PBXFileReference; explicitFileType = wrapper.application; includeInIndex = 0; path = Iunno.app; sourceTree = BUILT_PRODUCTS_DIR; };
		49FF0E8D28E4AB26008EE138 /* IunnoApp.swift */ = {isa = PBXFileReference; lastKnownFileType = sourcecode.swift; path = IunnoApp.swift; sourceTree = "<group>"; };
		49FF0E8F28E4AB26008EE138 /* ContentView.swift */ = {isa = PBXFileReference; lastKnownFileType = sourcecode.swift; path = ContentView.swift; sourceTree = "<group>"; };
		49FF0E9128E4AB2E008EE138 /* Assets.xcassets */ = {isa = PBXFileReference; lastKnownFileType = folder.assetcatalog; path = Assets.xcassets; sourceTree = "<group>"; };
		49FF0E9428E4AB2E008EE138 /* Preview Assets.xcassets */ = {isa = PBXFileReference; lastKnownFileType = folder.assetcatalog; path = "Preview Assets.xcassets"; sourceTree = "<group>"; };
		49FF0E9628E4AB2E008EE138 /* Iunno.entitlements */ = {isa = PBXFileReference; lastKnownFileType = text.plist.entitlements; path = Iunno.entitlements; sourceTree = "<group>"; };
		49FF0E9B28E4AB2E008EE138 /* IunnoTests.xctest */ = {isa = PBXFileReference; explicitFileType = wrapper.cfbundle; includeInIndex = 0; path = IunnoTests.xctest; sourceTree = BUILT_PRODUCTS_DIR; };
		49FF0E9F28E4AB2E008EE138 /* IunnoTests.swift */ = {isa = PBXFileReference; lastKnownFileType = sourcecode.swift; path = IunnoTests.swift; sourceTree = "<group>"; };
		49FF0EA528E4AB2E008EE138 /* IunnoUITests.xctest */ = {isa = PBXFileReference; explicitFileType = wrapper.cfbundle; includeInIndex = 0; path = IunnoUITests.xctest; sourceTree = BUILT_PRODUCTS_DIR; };
		49FF0EA928E4AB2E008EE138 /* IunnoUITests.swift */ = {isa = PBXFileReference; lastKnownFileType = sourcecode.swift; path = IunnoUITests.swift; sourceTree = "<group>"; };
		49FF0EAB28E4AB2E008EE138 /* IunnoUITestsLaunchTests.swift */ = {isa = PBXFileReference; lastKnownFileType = sourcecode.swift; path = IunnoUITestsLaunchTests.swift; sourceTree = "<group>"; };
/* End PBXFileReference section */

/* Begin PBXFrameworksBuildPhase section */
		49FF0E8728E4AB26008EE138 /* Frameworks */ = {
			isa = PBXFrameworksBuildPhase;
			buildActionMask = 2147483647;
			files = (
			);
			runOnlyForDeploymentPostprocessing = 0;
		};
		49FF0E9828E4AB2E008EE138 /* Frameworks */ = {
			isa = PBXFrameworksBuildPhase;
			buildActionMask = 2147483647;
			files = (
			);
			runOnlyForDeploymentPostprocessing = 0;
		};
		49FF0EA228E4AB2E008EE138 /* Frameworks */ = {
			isa = PBXFrameworksBuildPhase;
			buildActionMask = 2147483647;
			files = (
			);
			runOnlyForDeploymentPostprocessing = 0;
		};
/* End PBXFrameworksBuildPhase section */

/* Begin PBXGroup section */
		49FF0E8128E4AB26008EE138 = {
			isa = PBXGroup;
			children = (
				49FF0E8C28E4AB26008EE138 /* Iunno */,
				49FF0E9E28E4AB2E008EE138 /* IunnoTests */,
				49FF0EA828E4AB2E008EE138 /* IunnoUITests */,
				49FF0E8B28E4AB26008EE138 /* Products */,
			);
			sourceTree = "<group>";
		};
		49FF0E8B28E4AB26008EE138 /* Products */ = {
			isa = PBXGroup;
			children = (
				49FF0E8A28E4AB26008EE138 /* Iunno.app */,
				49FF0E9B28E4AB2E008EE138 /* IunnoTests.xctest */,
				49FF0EA528E4AB2E008EE138 /* IunnoUITests.xctest */,
			);
			name = Products;
			sourceTree = "<group>";
		};
		49FF0E8C28E4AB26008EE138 /* Iunno */ = {
			isa = PBXGroup;
			children = (
				49FF0E8D28E4AB26008EE138 /* IunnoApp.swift */,
				49FF0E8F28E4AB26008EE138 /* ContentView.swift */,
				49FF0E9128E4AB2E008EE138 /* Assets.xcassets */,
				49FF0E9628E4AB2E008EE138 /* Iunno.entitlements */,
				49FF0E9328E4AB2E008EE138 /* Preview Content */,
			);
			path = Iunno;
			sourceTree = "<group>";
		};
		49FF0E9328E4AB2E008EE138 /* Preview Content */ = {
			isa = PBXGroup;
			children = (
				49FF0E9428E4AB2E008EE138 /* Preview Assets.xcassets */,
			);
			path = "Preview Content";
			sourceTree = "<group>";
		};
		49FF0E9E28E4AB2E008EE138 /* IunnoTests */ = {
			isa = PBXGroup;
			children = (
				49FF0E9F28E4AB2E008EE138 /* IunnoTests.swift */,
			);
			path = IunnoTests;
			sourceTree = "<group>";
		};
		49FF0EA828E4AB2E008EE138 /* IunnoUITests */ = {
			isa = PBXGroup;
			children = (
				49FF0EA928E4AB2E008EE138 /* IunnoUITests.swift */,
				49FF0EAB28E4AB2E008EE138 /* IunnoUITestsLaunchTests.swift */,
			);
			path = IunnoUITests;
			sourceTree = "<group>";
		};
/* End PBXGroup section */

/* Begin PBXNativeTarget section */
		49FF0E8928E4AB26008EE138 /* Iunno */ = {
			isa = PBXNativeTarget;
			buildConfigurationList = 49FF0EAF28E4AB2E008EE138 /* Build configuration list for PBXNativeTarget "Iunno" */;
			buildPhases = (
				49FF0E8628E4AB26008EE138 /* Sources */,
				49FF0E8728E4AB26008EE138 /* Frameworks */,
				49FF0E8828E4AB26008EE138 /* Resources */,
			);
			buildRules = (
			);
			dependencies = (
			);
			name = Iunno;
			productName = Iunno;
			productReference = 49FF0E8A28E4AB26008EE138 /* Iunno.app */;
			productType = "com.apple.product-type.application";
		};
		49FF0E9A28E4AB2E008EE138 /* IunnoTests */ = {
			isa = PBXNativeTarget;
			buildConfigurationList = 49FF0EB228E4AB2E008EE138 /* Build configuration list for PBXNativeTarget "IunnoTests" */;
			buildPhases = (
				49FF0E9728E4AB2E008EE138 /* Sources */,
				49FF0E9828E4AB2E008EE138 /* Frameworks */,
				49FF0E9928E4AB2E008EE138 /* Resources */,
			);
			buildRules = (
			);
			dependencies = (
				49FF0E9D28E4AB2E008EE138 /* PBXTargetDependency */,
			);
			name = IunnoTests;
			productName = IunnoTests;
			productReference = 49FF0E9B28E4AB2E008EE138 /* IunnoTests.xctest */;
			productType = "com.apple.product-type.bundle.unit-test";
		};
		49FF0EA428E4AB2E008EE138 /* IunnoUITests */ = {
			isa = PBXNativeTarget;
			buildConfigurationList = 49FF0EB528E4AB2E008EE138 /* Build configuration list for PBXNativeTarget "IunnoUITests" */;
			buildPhases = (
				49FF0EA128E4AB2E008EE138 /* Sources */,
				49FF0EA228E4AB2E008EE138 /* Frameworks */,
				49FF0EA328E4AB2E008EE138 /* Resources */,
			);
			buildRules = (
			);
			dependencies = (
				49FF0EA728E4AB2E008EE138 /* PBXTargetDependency */,
			);
			name = IunnoUITests;
			productName = IunnoUITests;
			productReference = 49FF0EA528E4AB2E008EE138 /* IunnoUITests.xctest */;
			productType = "com.apple.product-type.bundle.ui-testing";
		};
/* End PBXNativeTarget section */

/* Begin PBXProject section */
		49FF0E8228E4AB26008EE138 /* Project object */ = {
			isa = PBXProject;
			attributes = {
				BuildIndependentTargetsInParallel = 1;
				LastSwiftUpdateCheck = 1340;
				LastUpgradeCheck = 1340;
				TargetAttributes = {
					49FF0E8928E4AB26008EE138 = {
						CreatedOnToolsVersion = 13.4.1;
					};
					49FF0E9A28E4AB2E008EE138 = {
						CreatedOnToolsVersion = 13.4.1;
						TestTargetID = 49FF0E8928E4AB26008EE138;
					};
					49FF0EA428E4AB2E008EE138 = {
						CreatedOnToolsVersion = 13.4.1;
						TestTargetID = 49FF0E8928E4AB26008EE138;
					};
				};
			};
			buildConfigurationList = 49FF0E8528E4AB26008EE138 /* Build configuration list for PBXProject "Iunno" */;
			compatibilityVersion = "Xcode 13.0";
			developmentRegion = en;
			hasScannedForEncodings = 0;
			knownRegions = (
				en,
				Base,
			);
			mainGroup = 49FF0E8128E4AB26008EE138;
			productRefGroup = 49FF0E8B28E4AB26008EE138 /* Products */;
			projectDirPath = "";
			projectRoot = "";
			targets = (
				49FF0E8928E4AB26008EE138 /* Iunno */,
				49FF0E9A28E4AB2E008EE138 /* IunnoTests */,
				49FF0EA428E4AB2E008EE138 /* IunnoUITests */,
			);
		};
/* End PBXProject section */

/* Begin PBXResourcesBuildPhase section */
		49FF0E8828E4AB26008EE138 /* Resources */ = {
			isa = PBXResourcesBuildPhase;
			buildActionMask = 2147483647;
			files = (
				49FF0E9528E4AB2E008EE138 /* Preview Assets.xcassets in Resources */,
				49FF0E9228E4AB2E008EE138 /* Assets.xcassets in Resources */,
			);
			runOnlyForDeploymentPostprocessing = 0;
		};
		49FF0E9928E4AB2E008EE138 /* Resources */ = {
			isa = PBXResourcesBuildPhase;
			buildActionMask = 2147483647;
			files = (
			);
			runOnlyForDeploymentPostprocessing = 0;
		};
		49FF0EA328E4AB2E008EE138 /* Resources */ = {
			isa = PBXResourcesBuildPhase;
			buildActionMask = 2147483647;
			files = (
			);
			runOnlyForDeploymentPostprocessing = 0;
		};
/* End PBXResourcesBuildPhase section */

/* Begin PBXSourcesBuildPhase section */
		49FF0E8628E4AB26008EE138 /* Sources */ = {
			isa = PBXSourcesBuildPhase;
			buildActionMask = 2147483647;
			files = (
				49FF0E9028E4AB26008EE138 /* ContentView.swift in Sources */,
				49FF0E8E28E4AB26008EE138 /* IunnoApp.swift in Sources */,
			);
			runOnlyForDeploymentPostprocessing = 0;
		};
		49FF0E9728E4AB2E008EE138 /* Sources */ = {
			isa = PBXSourcesBuildPhase;
			buildActionMask = 2147483647;
			files = (
				49FF0EA028E4AB2E008EE138 /* IunnoTests.swift in Sources */,
			);
			runOnlyForDeploymentPostprocessing = 0;
		};
		49FF0EA128E4AB2E008EE138 /* Sources */ = {
			isa = PBXSourcesBuildPhase;
			buildActionMask = 2147483647;
			files = (
				49FF0EAC28E4AB2E008EE138 /* IunnoUITestsLaunchTests.swift in Sources */,
				49FF0EAA28E4AB2E008EE138 /* IunnoUITests.swift in Sources */,
			);
			runOnlyForDeploymentPostprocessing = 0;
		};
/* End PBXSourcesBuildPhase section */

/* Begin PBXTargetDependency section */
		49FF0E9D28E4AB2E008EE138 /* PBXTargetDependency */ = {
			isa = PBXTargetDependency;
			target = 49FF0E8928E4AB26008EE138 /* Iunno */;
			targetProxy = 49FF0E9C28E4AB2E008EE138 /* PBXContainerItemProxy */;
		};
		49FF0EA728E4AB2E008EE138 /* PBXTargetDependency */ = {
			isa = PBXTargetDependency;
			target = 49FF0E8928E4AB26008EE138 /* Iunno */;
			targetProxy = 49FF0EA628E4AB2E008EE138 /* PBXContainerItemProxy */;
		};
/* End PBXTargetDependency section */

/* Begin XCBuildConfiguration section */
		49FF0EAD28E4AB2E008EE138 /* Debug */ = {
			isa = XCBuildConfiguration;
			buildSettings = {
				ALWAYS_SEARCH_USER_PATHS = NO;
				CLANG_ANALYZER_NONNULL = YES;
				CLANG_ANALYZER_NUMBER_OBJECT_CONVERSION = YES_AGGRESSIVE;
				CLANG_CXX_LANGUAGE_STANDARD = "gnu++17";
				CLANG_ENABLE_MODULES = YES;
				CLANG_ENABLE_OBJC_ARC = YES;
				CLANG_ENABLE_OBJC_WEAK = YES;
				CLANG_WARN_BLOCK_CAPTURE_AUTORELEASING = YES;
				CLANG_WARN_BOOL_CONVERSION = YES;
				CLANG_WARN_COMMA = YES;
				CLANG_WARN_CONSTANT_CONVERSION = YES;
				CLANG_WARN_DEPRECATED_OBJC_IMPLEMENTATIONS = YES;
				CLANG_WARN_DIRECT_OBJC_ISA_USAGE = YES_ERROR;
				CLANG_WARN_DOCUMENTATION_COMMENTS = YES;
				CLANG_WARN_EMPTY_BODY = YES;
				CLANG_WARN_ENUM_CONVERSION = YES;
				CLANG_WARN_INFINITE_RECURSION = YES;
				CLANG_WARN_INT_CONVERSION = YES;
				CLANG_WARN_NON_LITERAL_NULL_CONVERSION = YES;
				CLANG_WARN_OBJC_IMPLICIT_RETAIN_SELF = YES;
				CLANG_WARN_OBJC_LITERAL_CONVERSION = YES;
				CLANG_WARN_OBJC_ROOT_CLASS = YES_ERROR;
				CLANG_WARN_QUOTED_INCLUDE_IN_FRAMEWORK_HEADER = YES;
				CLANG_WARN_RANGE_LOOP_ANALYSIS = YES;
				CLANG_WARN_STRICT_PROTOTYPES = YES;
				CLANG_WARN_SUSPICIOUS_MOVE = YES;
				CLANG_WARN_UNGUARDED_AVAILABILITY = YES_AGGRESSIVE;
				CLANG_WARN_UNREACHABLE_CODE = YES;
				CLANG_WARN__DUPLICATE_METHOD_MATCH = YES;
				COPY_PHASE_STRIP = NO;
				DEBUG_INFORMATION_FORMAT = dwarf;
				ENABLE_STRICT_OBJC_MSGSEND = YES;
				ENABLE_TESTABILITY = YES;
				GCC_C_LANGUAGE_STANDARD = gnu11;
				GCC_DYNAMIC_NO_PIC = NO;
				GCC_NO_COMMON_BLOCKS = YES;
				GCC_OPTIMIZATION_LEVEL = 0;
				GCC_PREPROCESSOR_DEFINITIONS = (
					"DEBUG=1",
					"$(inherited)",
				);
				GCC_WARN_64_TO_32_BIT_CONVERSION = YES;
				GCC_WARN_ABOUT_RETURN_TYPE = YES_ERROR;
				GCC_WARN_UNDECLARED_SELECTOR = YES;
				GCC_WARN_UNINITIALIZED_AUTOS = YES_AGGRESSIVE;
				GCC_WARN_UNUSED_FUNCTION = YES;
				GCC_WARN_UNUSED_VARIABLE = YES;
				MACOSX_DEPLOYMENT_TARGET = 12.3;
				MTL_ENABLE_DEBUG_INFO = INCLUDE_SOURCE;
				MTL_FAST_MATH = YES;
				ONLY_ACTIVE_ARCH = YES;
				SDKROOT = macosx;
				SWIFT_ACTIVE_COMPILATION_CONDITIONS = DEBUG;
				SWIFT_OPTIMIZATION_LEVEL = "-Onone";
			};
			name = Debug;
		};
		49FF0EAE28E4AB2E008EE138 /* Release */ = {
			isa = XCBuildConfiguration;
			buildSettings = {
				ALWAYS_SEARCH_USER_PATHS = NO;
				CLANG_ANALYZER_NONNULL = YES;
				CLANG_ANALYZER_NUMBER_OBJECT_CONVERSION = YES_AGGRESSIVE;
				CLANG_CXX_LANGUAGE_STANDARD = "gnu++17";
				CLANG_ENABLE_MODULES = YES;
				CLANG_ENABLE_OBJC_ARC = YES;
				CLANG_ENABLE_OBJC_WEAK = YES;
				CLANG_WARN_BLOCK_CAPTURE_AUTORELEASING = YES;
				CLANG_WARN_BOOL_CONVERSION = YES;
				CLANG_WARN_COMMA = YES;
				CLANG_WARN_CONSTANT_CONVERSION = YES;
				CLANG_WARN_DEPRECATED_OBJC_IMPLEMENTATIONS = YES;
				CLANG_WARN_DIRECT_OBJC_ISA_USAGE = YES_ERROR;
				CLANG_WARN_DOCUMENTATION_COMMENTS = YES;
				CLANG_WARN_EMPTY_BODY = YES;
				CLANG_WARN_ENUM_CONVERSION = YES;
				CLANG_WARN_INFINITE_RECURSION = YES;
				CLANG_WARN_INT_CONVERSION = YES;
				CLANG_WARN_NON_LITERAL_NULL_CONVERSION = YES;
				CLANG_WARN_OBJC_IMPLICIT_RETAIN_SELF = YES;
				CLANG_WARN_OBJC_LITERAL_CONVERSION = YES;
				CLANG_WARN_OBJC_ROOT_CLASS = YES_ERROR;
				CLANG_WARN_QUOTED_INCLUDE_IN_FRAMEWORK_HEADER = YES;
				CLANG_WARN_RANGE_LOOP_ANALYSIS = YES;
				CLANG_WARN_STRICT_PROTOTYPES = YES;
				CLANG_WARN_SUSPICIOUS_MOVE = YES;
				CLANG_WARN_UNGUARDED_AVAILABILITY = YES_AGGRESSIVE;
				CLANG_WARN_UNREACHABLE_CODE = YES;
				CLANG_WARN__DUPLICATE_METHOD_MATCH = YES;
				COPY_PHASE_STRIP = NO;
				DEBUG_INFORMATION_FORMAT = "dwarf-with-dsym";
				ENABLE_NS_ASSERTIONS = NO;
				ENABLE_STRICT_OBJC_MSGSEND = YES;
				GCC_C_LANGUAGE_STANDARD = gnu11;
				GCC_NO_COMMON_BLOCKS = YES;
				GCC_WARN_64_TO_32_BIT_CONVERSION = YES;
				GCC_WARN_ABOUT_RETURN_TYPE = YES_ERROR;
				GCC_WARN_UNDECLARED_SELECTOR = YES;
				GCC_WARN_UNINITIALIZED_AUTOS = YES_AGGRESSIVE;
				GCC_WARN_UNUSED_FUNCTION = YES;
				GCC_WARN_UNUSED_VARIABLE = YES;
				MACOSX_DEPLOYMENT_TARGET = 12.3;
				MTL_ENABLE_DEBUG_INFO = NO;
				MTL_FAST_MATH = YES;
				SDKROOT = macosx;
				SWIFT_COMPILATION_MODE = wholemodule;
				SWIFT_OPTIMIZATION_LEVEL = "-O";
			};
			name = Release;
		};
		49FF0EB028E4AB2E008EE138 /* Debug */ = {
			isa = XCBuildConfiguration;
			buildSettings = {
				ASSETCATALOG_COMPILER_APPICON_NAME = AppIcon;
				ASSETCATALOG_COMPILER_GLOBAL_ACCENT_COLOR_NAME = AccentColor;
				CODE_SIGN_ENTITLEMENTS = Iunno/Iunno.entitlements;
				CODE_SIGN_STYLE = Automatic;
				COMBINE_HIDPI_IMAGES = YES;
				CURRENT_PROJECT_VERSION = 1;
				DEVELOPMENT_ASSET_PATHS = "\"Iunno/Preview Content\"";
				ENABLE_PREVIEWS = YES;
				GENERATE_INFOPLIST_FILE = YES;
				INFOPLIST_KEY_NSHumanReadableCopyright = "";
				LD_RUNPATH_SEARCH_PATHS = (
					"$(inherited)",
					"@executable_path/../Frameworks",
				);
				MARKETING_VERSION = 1.0;
				PRODUCT_BUNDLE_IDENTIFIER = Andrew.Iunno;
				PRODUCT_NAME = "$(TARGET_NAME)";
				SWIFT_EMIT_LOC_STRINGS = YES;
				SWIFT_VERSION = 5.0;
			};
			name = Debug;
		};
		49FF0EB128E4AB2E008EE138 /* Release */ = {
			isa = XCBuildConfiguration;
			buildSettings = {
				ASSETCATALOG_COMPILER_APPICON_NAME = AppIcon;
				ASSETCATALOG_COMPILER_GLOBAL_ACCENT_COLOR_NAME = AccentColor;
				CODE_SIGN_ENTITLEMENTS = Iunno/Iunno.entitlements;
				CODE_SIGN_STYLE = Automatic;
				COMBINE_HIDPI_IMAGES = YES;
				CURRENT_PROJECT_VERSION = 1;
				DEVELOPMENT_ASSET_PATHS = "\"Iunno/Preview Content\"";
				ENABLE_PREVIEWS = YES;
				GENERATE_INFOPLIST_FILE = YES;
				INFOPLIST_KEY_NSHumanReadableCopyright = "";
				LD_RUNPATH_SEARCH_PATHS = (
					"$(inherited)",
					"@executable_path/../Frameworks",
				);
				MARKETING_VERSION = 1.0;
				PRODUCT_BUNDLE_IDENTIFIER = Andrew.Iunno;
				PRODUCT_NAME = "$(TARGET_NAME)";
				SWIFT_EMIT_LOC_STRINGS = YES;
				SWIFT_VERSION = 5.0;
			};
			name = Release;
		};
		49FF0EB328E4AB2E008EE138 /* Debug */ = {
			isa = XCBuildConfiguration;
			buildSettings = {
				ALWAYS_EMBED_SWIFT_STANDARD_LIBRARIES = YES;
				BUNDLE_LOADER = "$(TEST_HOST)";
				CODE_SIGN_STYLE = Automatic;
				CURRENT_PROJECT_VERSION = 1;
				GENERATE_INFOPLIST_FILE = YES;
				MACOSX_DEPLOYMENT_TARGET = 12.3;
				MARKETING_VERSION = 1.0;
				PRODUCT_BUNDLE_IDENTIFIER = Andrew.IunnoTests;
				PRODUCT_NAME = "$(TARGET_NAME)";
				SWIFT_EMIT_LOC_STRINGS = NO;
				SWIFT_VERSION = 5.0;
				TEST_HOST = "$(BUILT_PRODUCTS_DIR)/Iunno.app/Contents/MacOS/Iunno";
			};
			name = Debug;
		};
		49FF0EB428E4AB2E008EE138 /* Release */ = {
			isa = XCBuildConfiguration;
			buildSettings = {
				ALWAYS_EMBED_SWIFT_STANDARD_LIBRARIES = YES;
				BUNDLE_LOADER = "$(TEST_HOST)";
				CODE_SIGN_STYLE = Automatic;
				CURRENT_PROJECT_VERSION = 1;
				GENERATE_INFOPLIST_FILE = YES;
				MACOSX_DEPLOYMENT_TARGET = 12.3;
				MARKETING_VERSION = 1.0;
				PRODUCT_BUNDLE_IDENTIFIER = Andrew.IunnoTests;
				PRODUCT_NAME = "$(TARGET_NAME)";
				SWIFT_EMIT_LOC_STRINGS = NO;
				SWIFT_VERSION = 5.0;
				TEST_HOST = "$(BUILT_PRODUCTS_DIR)/Iunno.app/Contents/MacOS/Iunno";
			};
			name = Release;
		};
		49FF0EB628E4AB2E008EE138 /* Debug */ = {
			isa = XCBuildConfiguration;
			buildSettings = {
				ALWAYS_EMBED_SWIFT_STANDARD_LIBRARIES = YES;
				CODE_SIGN_STYLE = Automatic;
				CURRENT_PROJECT_VERSION = 1;
				GENERATE_INFOPLIST_FILE = YES;
				MARKETING_VERSION = 1.0;
				PRODUCT_BUNDLE_IDENTIFIER = Andrew.IunnoUITests;
				PRODUCT_NAME = "$(TARGET_NAME)";
				SWIFT_EMIT_LOC_STRINGS = NO;
				SWIFT_VERSION = 5.0;
				TEST_TARGET_NAME = Iunno;
			};
			name = Debug;
		};
		49FF0EB728E4AB2E008EE138 /* Release */ = {
			isa = XCBuildConfiguration;
			buildSettings = {
				ALWAYS_EMBED_SWIFT_STANDARD_LIBRARIES = YES;
				CODE_SIGN_STYLE = Automatic;
				CURRENT_PROJECT_VERSION = 1;
				GENERATE_INFOPLIST_FILE = YES;
				MARKETING_VERSION = 1.0;
				PRODUCT_BUNDLE_IDENTIFIER = Andrew.IunnoUITests;
				PRODUCT_NAME = "$(TARGET_NAME)";
				SWIFT_EMIT_LOC_STRINGS = NO;
				SWIFT_VERSION = 5.0;
				TEST_TARGET_NAME = Iunno;
			};
			name = Release;
		};
/* End XCBuildConfiguration section */

/* Begin XCConfigurationList section */
		49FF0E8528E4AB26008EE138 /* Build configuration list for PBXProject "Iunno" */ = {
			isa = XCConfigurationList;
			buildConfigurations = (
				49FF0EAD28E4AB2E008EE138 /* Debug */,
				49FF0EAE28E4AB2E008EE138 /* Release */,
			);
			defaultConfigurationIsVisible = 0;
			defaultConfigurationName = Release;
		};
		49FF0EAF28E4AB2E008EE138 /* Build configuration list for PBXNativeTarget "Iunno" */ = {
			isa = XCConfigurationList;
			buildConfigurations = (
				49FF0EB028E4AB2E008EE138 /* Debug */,
				49FF0EB128E4AB2E008EE138 /* Release */,
			);
			defaultConfigurationIsVisible = 0;
			defaultConfigurationName = Release;
		};
		49FF0EB228E4AB2E008EE138 /* Build configuration list for PBXNativeTarget "IunnoTests" */ = {
			isa = XCConfigurationList;
			buildConfigurations = (
				49FF0EB328E4AB2E008EE138 /* Debug */,
				49FF0EB428E4AB2E008EE138 /* Release */,
			);
			defaultConfigurationIsVisible = 0;
			defaultConfigurationName = Release;
		};
		49FF0EB528E4AB2E008EE138 /* Build configuration list for PBXNativeTarget "IunnoUITests" */ = {
			isa = XCConfigurationList;
			buildConfigurations = (
				49FF0EB628E4AB2E008EE138 /* Debug */,
				49FF0EB728E4AB2E008EE138 /* Release */,
			);
			defaultConfigurationIsVisible = 0;
			defaultConfigurationName = Release;
		};
/* End XCConfigurationList section */
	};
	rootObject = 49FF0E8228E4AB26008EE138 /* Project object */;
}
